// !$*UTF8*$!
{
	archiveVersion = 1;
	classes = {
	};
	objectVersion = 46;
	objects = {

/* Begin PBXBuildFile section */
		570FB82820E182F8002A17A0 /* Smoke.sks in Resources */ = {isa = PBXBuildFile; fileRef = 570FB82620E182F8002A17A0 /* Smoke.sks */; };
		570FB82920E182F8002A17A0 /* Assets.xcassets in Resources */ = {isa = PBXBuildFile; fileRef = 570FB82720E182F8002A17A0 /* Assets.xcassets */; };
		5725A2501EDE1992002717C9 /* AppDelegate.swift in Sources */ = {isa = PBXBuildFile; fileRef = 5725A24F1EDE1992002717C9 /* AppDelegate.swift */; };
		5725A2521EDE1992002717C9 /* GameScene.sks in Resources */ = {isa = PBXBuildFile; fileRef = 5725A2511EDE1992002717C9 /* GameScene.sks */; };
		5725A2541EDE1992002717C9 /* Actions.sks in Resources */ = {isa = PBXBuildFile; fileRef = 5725A2531EDE1992002717C9 /* Actions.sks */; };
		5725A2561EDE1992002717C9 /* GameScene.swift in Sources */ = {isa = PBXBuildFile; fileRef = 5725A2551EDE1992002717C9 /* GameScene.swift */; };
		5725A2581EDE1992002717C9 /* GameViewController.swift in Sources */ = {isa = PBXBuildFile; fileRef = 5725A2571EDE1992002717C9 /* GameViewController.swift */; };
		5725A25B1EDE1992002717C9 /* Main.storyboard in Resources */ = {isa = PBXBuildFile; fileRef = 5725A2591EDE1992002717C9 /* Main.storyboard */; };
		5725A2601EDE1992002717C9 /* LaunchScreen.storyboard in Resources */ = {isa = PBXBuildFile; fileRef = 5725A25E1EDE1992002717C9 /* LaunchScreen.storyboard */; };
		573904E31EE5B381004DBB31 /* Images.xcassets in Resources */ = {isa = PBXBuildFile; fileRef = 573904E21EE5B381004DBB31 /* Images.xcassets */; };
		57771ABF1EE9EFDB00E35D0D /* Car.swift in Sources */ = {isa = PBXBuildFile; fileRef = 57771ABE1EE9EFDB00E35D0D /* Car.swift */; };
		578BC69D2050A156007164CF /* Cars.xcdatamodeld in Sources */ = {isa = PBXBuildFile; fileRef = 578BC69B2050A156007164CF /* Cars.xcdatamodeld */; };
		579D0F351F1BC9DE00A30B01 /* MainMenuScene.swift in Sources */ = {isa = PBXBuildFile; fileRef = 579D0F341F1BC9DE00A30B01 /* MainMenuScene.swift */; };
		579D0F371F1C124000A30B01 /* MainMenuScene.sks in Resources */ = {isa = PBXBuildFile; fileRef = 579D0F361F1C124000A30B01 /* MainMenuScene.sks */; };
		57AD7B7020169BBC00A066D6 /* GameOverScene.swift in Sources */ = {isa = PBXBuildFile; fileRef = 57AD7B6F20169BBC00A066D6 /* GameOverScene.swift */; };
		57D66916204F3C1800E1B012 /* CoreDataManager.swift in Sources */ = {isa = PBXBuildFile; fileRef = 57D66915204F3C1700E1B012 /* CoreDataManager.swift */; };
/* End PBXBuildFile section */

/* Begin PBXFileReference section */
		570FB82620E182F8002A17A0 /* Smoke.sks */ = {isa = PBXFileReference; lastKnownFileType = file.sks; path = Smoke.sks; sourceTree = "<group>"; };
		570FB82720E182F8002A17A0 /* Assets.xcassets */ = {isa = PBXFileReference; lastKnownFileType = folder.assetcatalog; path = Assets.xcassets; sourceTree = "<group>"; };
		5725A24C1EDE1992002717C9 /* Cars.app */ = {isa = PBXFileReference; explicitFileType = wrapper.application; includeInIndex = 0; path = Cars.app; sourceTree = BUILT_PRODUCTS_DIR; };
		5725A24F1EDE1992002717C9 /* AppDelegate.swift */ = {isa = PBXFileReference; lastKnownFileType = sourcecode.swift; path = AppDelegate.swift; sourceTree = "<group>"; };
		5725A2511EDE1992002717C9 /* GameScene.sks */ = {isa = PBXFileReference; lastKnownFileType = file.sks; path = GameScene.sks; sourceTree = "<group>"; };
		5725A2531EDE1992002717C9 /* Actions.sks */ = {isa = PBXFileReference; lastKnownFileType = file.sks; path = Actions.sks; sourceTree = "<group>"; };
		5725A2551EDE1992002717C9 /* GameScene.swift */ = {isa = PBXFileReference; lastKnownFileType = sourcecode.swift; path = GameScene.swift; sourceTree = "<group>"; };
		5725A2571EDE1992002717C9 /* GameViewController.swift */ = {isa = PBXFileReference; lastKnownFileType = sourcecode.swift; path = GameViewController.swift; sourceTree = "<group>"; };
		5725A25A1EDE1992002717C9 /* Base */ = {isa = PBXFileReference; lastKnownFileType = file.storyboard; name = Base; path = Base.lproj/Main.storyboard; sourceTree = "<group>"; };
		5725A25F1EDE1992002717C9 /* Base */ = {isa = PBXFileReference; lastKnownFileType = file.storyboard; name = Base; path = Base.lproj/LaunchScreen.storyboard; sourceTree = "<group>"; };
		5725A2611EDE1992002717C9 /* Info.plist */ = {isa = PBXFileReference; lastKnownFileType = text.plist.xml; path = Info.plist; sourceTree = "<group>"; };
		573904E21EE5B381004DBB31 /* Images.xcassets */ = {isa = PBXFileReference; lastKnownFileType = folder.assetcatalog; path = Images.xcassets; sourceTree = "<group>"; };
		57771ABE1EE9EFDB00E35D0D /* Car.swift */ = {isa = PBXFileReference; fileEncoding = 4; lastKnownFileType = sourcecode.swift; name = Car.swift; path = ../Car.swift; sourceTree = "<group>"; };
		578BC69C2050A156007164CF /* Cars.xcdatamodel */ = {isa = PBXFileReference; lastKnownFileType = wrapper.xcdatamodel; path = Cars.xcdatamodel; sourceTree = "<group>"; };
		579D0F341F1BC9DE00A30B01 /* MainMenuScene.swift */ = {isa = PBXFileReference; fileEncoding = 4; lastKnownFileType = sourcecode.swift; path = MainMenuScene.swift; sourceTree = "<group>"; };
		579D0F361F1C124000A30B01 /* MainMenuScene.sks */ = {isa = PBXFileReference; lastKnownFileType = file.sks; path = MainMenuScene.sks; sourceTree = "<group>"; };
		57AD7B6F20169BBC00A066D6 /* GameOverScene.swift */ = {isa = PBXFileReference; lastKnownFileType = sourcecode.swift; path = GameOverScene.swift; sourceTree = "<group>"; };
		57D66915204F3C1700E1B012 /* CoreDataManager.swift */ = {isa = PBXFileReference; lastKnownFileType = sourcecode.swift; path = CoreDataManager.swift; sourceTree = "<group>"; };
/* End PBXFileReference section */

/* Begin PBXFrameworksBuildPhase section */
		5725A2491EDE1992002717C9 /* Frameworks */ = {
			isa = PBXFrameworksBuildPhase;
			buildActionMask = 2147483647;
			files = (
			);
			runOnlyForDeploymentPostprocessing = 0;
		};
/* End PBXFrameworksBuildPhase section */

/* Begin PBXGroup section */
		5725A2431EDE1992002717C9 = {
			isa = PBXGroup;
			children = (
				570FB82720E182F8002A17A0 /* Assets.xcassets */,
				5725A24E1EDE1992002717C9 /* Cars */,
				5725A24D1EDE1992002717C9 /* Products */,
			);
			sourceTree = "<group>";
		};
		5725A24D1EDE1992002717C9 /* Products */ = {
			isa = PBXGroup;
			children = (
				5725A24C1EDE1992002717C9 /* Cars.app */,
			);
			name = Products;
			sourceTree = "<group>";
		};
		5725A24E1EDE1992002717C9 /* Cars */ = {
			isa = PBXGroup;
			children = (
				570FB82620E182F8002A17A0 /* Smoke.sks */,
				57AD7B6F20169BBC00A066D6 /* GameOverScene.swift */,
				57771ABE1EE9EFDB00E35D0D /* Car.swift */,
				5725A24F1EDE1992002717C9 /* AppDelegate.swift */,
				578BC69B2050A156007164CF /* Cars.xcdatamodeld */,
				5725A2511EDE1992002717C9 /* GameScene.sks */,
				579D0F361F1C124000A30B01 /* MainMenuScene.sks */,
				5725A2531EDE1992002717C9 /* Actions.sks */,
				579D0F341F1BC9DE00A30B01 /* MainMenuScene.swift */,
				5725A2551EDE1992002717C9 /* GameScene.swift */,
				57D66915204F3C1700E1B012 /* CoreDataManager.swift */,
				5725A2571EDE1992002717C9 /* GameViewController.swift */,
				5725A2591EDE1992002717C9 /* Main.storyboard */,
				5725A25E1EDE1992002717C9 /* LaunchScreen.storyboard */,
				573904E21EE5B381004DBB31 /* Images.xcassets */,
				5725A2611EDE1992002717C9 /* Info.plist */,
			);
			path = Cars;
			sourceTree = "<group>";
		};
/* End PBXGroup section */

/* Begin PBXNativeTarget section */
		5725A24B1EDE1992002717C9 /* Cars */ = {
			isa = PBXNativeTarget;
			buildConfigurationList = 5725A2641EDE1993002717C9 /* Build configuration list for PBXNativeTarget "Cars" */;
			buildPhases = (
				5725A2481EDE1992002717C9 /* Sources */,
				5725A2491EDE1992002717C9 /* Frameworks */,
				5725A24A1EDE1992002717C9 /* Resources */,
			);
			buildRules = (
			);
			dependencies = (
			);
			name = Cars;
			productName = Cars;
			productReference = 5725A24C1EDE1992002717C9 /* Cars.app */;
			productType = "com.apple.product-type.application";
		};
/* End PBXNativeTarget section */

/* Begin PBXProject section */
		5725A2441EDE1992002717C9 /* Project object */ = {
			isa = PBXProject;
			attributes = {
				LastSwiftUpdateCheck = 0820;
				LastUpgradeCheck = 0930;
				ORGANIZATIONNAME = "Arnau Timoneda Heredia";
				TargetAttributes = {
					5725A24B1EDE1992002717C9 = {
						CreatedOnToolsVersion = 8.2.1;
						DevelopmentTeam = ZP2E75MF9B;
						LastSwiftMigration = 0920;
						ProvisioningStyle = Automatic;
					};
				};
			};
			buildConfigurationList = 5725A2471EDE1992002717C9 /* Build configuration list for PBXProject "Cars" */;
			compatibilityVersion = "Xcode 3.2";
			developmentRegion = English;
			hasScannedForEncodings = 0;
			knownRegions = (
				en,
				Base,
			);
			mainGroup = 5725A2431EDE1992002717C9;
			productRefGroup = 5725A24D1EDE1992002717C9 /* Products */;
			projectDirPath = "";
			projectRoot = "";
			targets = (
				5725A24B1EDE1992002717C9 /* Cars */,
			);
		};
/* End PBXProject section */

/* Begin PBXResourcesBuildPhase section */
		5725A24A1EDE1992002717C9 /* Resources */ = {
			isa = PBXResourcesBuildPhase;
			buildActionMask = 2147483647;
			files = (
				5725A25B1EDE1992002717C9 /* Main.storyboard in Resources */,
				573904E31EE5B381004DBB31 /* Images.xcassets in Resources */,
				570FB82820E182F8002A17A0 /* Smoke.sks in Resources */,
				5725A2521EDE1992002717C9 /* GameScene.sks in Resources */,
				5725A2601EDE1992002717C9 /* LaunchScreen.storyboard in Resources */,
				579D0F371F1C124000A30B01 /* MainMenuScene.sks in Resources */,
				570FB82920E182F8002A17A0 /* Assets.xcassets in Resources */,
				5725A2541EDE1992002717C9 /* Actions.sks in Resources */,
			);
			runOnlyForDeploymentPostprocessing = 0;
		};
/* End PBXResourcesBuildPhase section */

/* Begin PBXSourcesBuildPhase section */
		5725A2481EDE1992002717C9 /* Sources */ = {
			isa = PBXSourcesBuildPhase;
			buildActionMask = 2147483647;
			files = (
				579D0F351F1BC9DE00A30B01 /* MainMenuScene.swift in Sources */,
				578BC69D2050A156007164CF /* Cars.xcdatamodeld in Sources */,
				5725A2561EDE1992002717C9 /* GameScene.swift in Sources */,
				5725A2581EDE1992002717C9 /* GameViewController.swift in Sources */,
				57771ABF1EE9EFDB00E35D0D /* Car.swift in Sources */,
				57AD7B7020169BBC00A066D6 /* GameOverScene.swift in Sources */,
				57D66916204F3C1800E1B012 /* CoreDataManager.swift in Sources */,
				5725A2501EDE1992002717C9 /* AppDelegate.swift in Sources */,
			);
			runOnlyForDeploymentPostprocessing = 0;
		};
/* End PBXSourcesBuildPhase section */

/* Begin PBXVariantGroup section */
		5725A2591EDE1992002717C9 /* Main.storyboard */ = {
			isa = PBXVariantGroup;
			children = (
				5725A25A1EDE1992002717C9 /* Base */,
			);
			name = Main.storyboard;
			sourceTree = "<group>";
		};
		5725A25E1EDE1992002717C9 /* LaunchScreen.storyboard */ = {
			isa = PBXVariantGroup;
			children = (
				5725A25F1EDE1992002717C9 /* Base */,
			);
			name = LaunchScreen.storyboard;
			sourceTree = "<group>";
		};
/* End PBXVariantGroup section */

/* Begin XCBuildConfiguration section */
		5725A2621EDE1992002717C9 /* Debug */ = {
			isa = XCBuildConfiguration;
			buildSettings = {
				ALWAYS_SEARCH_USER_PATHS = NO;
				CLANG_ANALYZER_NONNULL = YES;
				CLANG_CXX_LANGUAGE_STANDARD = "gnu++0x";
				CLANG_CXX_LIBRARY = "libc++";
				CLANG_ENABLE_MODULES = YES;
				CLANG_ENABLE_OBJC_ARC = YES;
				CLANG_WARN_BLOCK_CAPTURE_AUTORELEASING = YES;
				CLANG_WARN_BOOL_CONVERSION = YES;
				CLANG_WARN_COMMA = YES;
				CLANG_WARN_CONSTANT_CONVERSION = YES;
				CLANG_WARN_DEPRECATED_OBJC_IMPLEMENTATIONS = YES;
				CLANG_WARN_DIRECT_OBJC_ISA_USAGE = YES_ERROR;
				CLANG_WARN_DOCUMENTATION_COMMENTS = YES;
				CLANG_WARN_EMPTY_BODY = YES;
				CLANG_WARN_ENUM_CONVERSION = YES;
				CLANG_WARN_INFINITE_RECURSION = YES;
				CLANG_WARN_INT_CONVERSION = YES;
				CLANG_WARN_NON_LITERAL_NULL_CONVERSION = YES;
				CLANG_WARN_OBJC_IMPLICIT_RETAIN_SELF = YES;
				CLANG_WARN_OBJC_LITERAL_CONVERSION = YES;
				CLANG_WARN_OBJC_ROOT_CLASS = YES_ERROR;
				CLANG_WARN_RANGE_LOOP_ANALYSIS = YES;
				CLANG_WARN_STRICT_PROTOTYPES = YES;
				CLANG_WARN_SUSPICIOUS_MOVE = YES;
				CLANG_WARN_UNREACHABLE_CODE = YES;
				CLANG_WARN__DUPLICATE_METHOD_MATCH = YES;
				"CODE_SIGN_IDENTITY[sdk=iphoneos*]" = "iPhone Developer";
				COPY_PHASE_STRIP = NO;
				DEBUG_INFORMATION_FORMAT = dwarf;
				ENABLE_STRICT_OBJC_MSGSEND = YES;
				ENABLE_TESTABILITY = YES;
				GCC_C_LANGUAGE_STANDARD = gnu99;
				GCC_DYNAMIC_NO_PIC = NO;
				GCC_NO_COMMON_BLOCKS = YES;
				GCC_OPTIMIZATION_LEVEL = 0;
				GCC_PREPROCESSOR_DEFINITIONS = (
					"DEBUG=1",
					"$(inherited)",
				);
				GCC_WARN_64_TO_32_BIT_CONVERSION = YES;
				GCC_WARN_ABOUT_RETURN_TYPE = YES_ERROR;
				GCC_WARN_UNDECLARED_SELECTOR = YES;
				GCC_WARN_UNINITIALIZED_AUTOS = YES_AGGRESSIVE;
				GCC_WARN_UNUSED_FUNCTION = YES;
				GCC_WARN_UNUSED_VARIABLE = YES;
				IPHONEOS_DEPLOYMENT_TARGET = 10.2;
				MTL_ENABLE_DEBUG_INFO = YES;
				ONLY_ACTIVE_ARCH = YES;
				SDKROOT = iphoneos;
				SWIFT_ACTIVE_COMPILATION_CONDITIONS = DEBUG;
				SWIFT_OPTIMIZATION_LEVEL = "-Onone";
			};
			name = Debug;
		};
		5725A2631EDE1992002717C9 /* Release */ = {
			isa = XCBuildConfiguration;
			buildSettings = {
				ALWAYS_SEARCH_USER_PATHS = NO;
				CLANG_ANALYZER_NONNULL = YES;
				CLANG_CXX_LANGUAGE_STANDARD = "gnu++0x";
				CLANG_CXX_LIBRARY = "libc++";
				CLANG_ENABLE_MODULES = YES;
				CLANG_ENABLE_OBJC_ARC = YES;
				CLANG_WARN_BLOCK_CAPTURE_AUTORELEASING = YES;
				CLANG_WARN_BOOL_CONVERSION = YES;
				CLANG_WARN_COMMA = YES;
				CLANG_WARN_CONSTANT_CONVERSION = YES;
				CLANG_WARN_DEPRECATED_OBJC_IMPLEMENTATIONS = YES;
				CLANG_WARN_DIRECT_OBJC_ISA_USAGE = YES_ERROR;
				CLANG_WARN_DOCUMENTATION_COMMENTS = YES;
				CLANG_WARN_EMPTY_BODY = YES;
				CLANG_WARN_ENUM_CONVERSION = YES;
				CLANG_WARN_INFINITE_RECURSION = YES;
				CLANG_WARN_INT_CONVERSION = YES;
				CLANG_WARN_NON_LITERAL_NULL_CONVERSION = YES;
				CLANG_WARN_OBJC_IMPLICIT_RETAIN_SELF = YES;
				CLANG_WARN_OBJC_LITERAL_CONVERSION = YES;
				CLANG_WARN_OBJC_ROOT_CLASS = YES_ERROR;
				CLANG_WARN_RANGE_LOOP_ANALYSIS = YES;
				CLANG_WARN_STRICT_PROTOTYPES = YES;
				CLANG_WARN_SUSPICIOUS_MOVE = YES;
				CLANG_WARN_UNREACHABLE_CODE = YES;
				CLANG_WARN__DUPLICATE_METHOD_MATCH = YES;
				"CODE_SIGN_IDENTITY[sdk=iphoneos*]" = "iPhone Developer";
				COPY_PHASE_STRIP = NO;
				DEBUG_INFORMATION_FORMAT = "dwarf-with-dsym";
				ENABLE_NS_ASSERTIONS = NO;
				ENABLE_STRICT_OBJC_MSGSEND = YES;
				GCC_C_LANGUAGE_STANDARD = gnu99;
				GCC_NO_COMMON_BLOCKS = YES;
				GCC_WARN_64_TO_32_BIT_CONVERSION = YES;
				GCC_WARN_ABOUT_RETURN_TYPE = YES_ERROR;
				GCC_WARN_UNDECLARED_SELECTOR = YES;
				GCC_WARN_UNINITIALIZED_AUTOS = YES_AGGRESSIVE;
				GCC_WARN_UNUSED_FUNCTION = YES;
				GCC_WARN_UNUSED_VARIABLE = YES;
				IPHONEOS_DEPLOYMENT_TARGET = 10.2;
				MTL_ENABLE_DEBUG_INFO = NO;
				SDKROOT = iphoneos;
				SWIFT_OPTIMIZATION_LEVEL = "-Owholemodule";
				VALIDATE_PRODUCT = YES;
			};
			name = Release;
		};
		5725A2651EDE1993002717C9 /* Debug */ = {
			isa = XCBuildConfiguration;
			buildSettings = {
				DEVELOPMENT_TEAM = ZP2E75MF9B;
				INFOPLIST_FILE = Cars/Info.plist;
				LD_RUNPATH_SEARCH_PATHS = "$(inherited) @executable_path/Frameworks";
				PRODUCT_BUNDLE_IDENTIFIER = com.timoneda.Cars;
				PRODUCT_NAME = "$(TARGET_NAME)";
				SWIFT_SWIFT3_OBJC_INFERENCE = Default;
				SWIFT_VERSION = 4.0;
			};
			name = Debug;
		};
		5725A2661EDE1993002717C9 /* Release */ = {
			isa = XCBuildConfiguration;
			buildSettings = {
				DEVELOPMENT_TEAM = ZP2E75MF9B;
				INFOPLIST_FILE = Cars/Info.plist;
				LD_RUNPATH_SEARCH_PATHS = "$(inherited) @executable_path/Frameworks";
				PRODUCT_BUNDLE_IDENTIFIER = com.timoneda.Cars;
				PRODUCT_NAME = "$(TARGET_NAME)";
				SWIFT_SWIFT3_OBJC_INFERENCE = Default;
				SWIFT_VERSION = 4.0;
			};
			name = Release;
		};
/* End XCBuildConfiguration section */

/* Begin XCConfigurationList section */
		5725A2471EDE1992002717C9 /* Build configuration list for PBXProject "Cars" */ = {
			isa = XCConfigurationList;
			buildConfigurations = (
				5725A2621EDE1992002717C9 /* Debug */,
				5725A2631EDE1992002717C9 /* Release */,
			);
			defaultConfigurationIsVisible = 0;
			defaultConfigurationName = Release;
		};
		5725A2641EDE1993002717C9 /* Build configuration list for PBXNativeTarget "Cars" */ = {
			isa = XCConfigurationList;
			buildConfigurations = (
				5725A2651EDE1993002717C9 /* Debug */,
				5725A2661EDE1993002717C9 /* Release */,
			);
			defaultConfigurationIsVisible = 0;
			defaultConfigurationName = Release;
		};
/* End XCConfigurationList section */

/* Begin XCVersionGroup section */
		578BC69B2050A156007164CF /* Cars.xcdatamodeld */ = {
			isa = XCVersionGroup;
			children = (
				578BC69C2050A156007164CF /* Cars.xcdatamodel */,
			);
			currentVersion = 578BC69C2050A156007164CF /* Cars.xcdatamodel */;
			path = Cars.xcdatamodeld;
			sourceTree = "<group>";
			versionGroupType = wrapper.xcdatamodel;
		};
/* End XCVersionGroup section */
	};
	rootObject = 5725A2441EDE1992002717C9 /* Project object */;
}
